
Microsoft Visual Studio Solution File, Format Version 12.00
# Visual Studio Version 17
VisualStudioVersion = 17.12.35728.132
MinimumVisualStudioVersion = 10.0.40219.1
Project("{9A19103F-16F7-4668-BE54-9A1E7A4F7556}") = "HelloWorld", "HelloWorld\HelloWorld.csproj", "{D2CDEC0E-7FD0-472D-BA14-91E9BA32C08E}"
EndProject
Project("{FAE04EC0-301F-11D3-BF4B-00C04F79EFBC}") = "PassingData", "PassingData\PassingData.csproj", "{BE7D9699-3C5E-40F6-94F8-E746C205EEDC}"
EndProject
Project("{FAE04EC0-301F-11D3-BF4B-00C04F79EFBC}") = "GettingData", "GettingData\GettingData.csproj", "{1D55AB7F-485E-4D75-A3E1-632CE039D1A1}"
EndProject
Project("{FAE04EC0-301F-11D3-BF4B-00C04F79EFBC}") = "ViewStructure", "ViewStructure\ViewStructure.csproj", "{1BDB5284-32CE-4EA1-87CD-52AEA12CA895}"
EndProject
Global
	GlobalSection(SolutionConfigurationPlatforms) = preSolution
		Debug|Any CPU = Debug|Any CPU
		Release|Any CPU = Release|Any CPU
	EndGlobalSection
	GlobalSection(ProjectConfigurationPlatforms) = postSolution
		{D2CDEC0E-7FD0-472D-BA14-91E9BA32C08E}.Debug|Any CPU.ActiveCfg = Debug|Any CPU
		{D2CDEC0E-7FD0-472D-BA14-91E9BA32C08E}.Debug|Any CPU.Build.0 = Debug|Any CPU
		{D2CDEC0E-7FD0-472D-BA14-91E9BA32C08E}.Release|Any CPU.ActiveCfg = Release|Any CPU
		{D2CDEC0E-7FD0-472D-BA14-91E9BA32C08E}.Release|Any CPU.Build.0 = Release|Any CPU
		{BE7D9699-3C5E-40F6-94F8-E746C205EEDC}.Debug|Any CPU.ActiveCfg = Debug|Any CPU
		{BE7D9699-3C5E-40F6-94F8-E746C205EEDC}.Debug|Any CPU.Build.0 = Debug|Any CPU
		{BE7D9699-3C5E-40F6-94F8-E746C205EEDC}.Release|Any CPU.ActiveCfg = Release|Any CPU
		{BE7D9699-3C5E-40F6-94F8-E746C205EEDC}.Release|Any CPU.Build.0 = Release|Any CPU
		{1D55AB7F-485E-4D75-A3E1-632CE039D1A1}.Debug|Any CPU.ActiveCfg = Debug|Any CPU
		{1D55AB7F-485E-4D75-A3E1-632CE039D1A1}.Debug|Any CPU.Build.0 = Debug|Any CPU
		{1D55AB7F-485E-4D75-A3E1-632CE039D1A1}.Release|Any CPU.ActiveCfg = Release|Any CPU
		{1D55AB7F-485E-4D75-A3E1-632CE039D1A1}.Release|Any CPU.Build.0 = Release|Any CPU
		{1BDB5284-32CE-4EA1-87CD-52AEA12CA895}.Debug|Any CPU.ActiveCfg = Debug|Any CPU
		{1BDB5284-32CE-4EA1-87CD-52AEA12CA895}.Debug|Any CPU.Build.0 = Debug|Any CPU
		{1BDB5284-32CE-4EA1-87CD-52AEA12CA895}.Release|Any CPU.ActiveCfg = Release|Any CPU
		{1BDB5284-32CE-4EA1-87CD-52AEA12CA895}.Release|Any CPU.Build.0 = Release|Any CPU
	EndGlobalSection
	GlobalSection(SolutionProperties) = preSolution
		HideSolutionNode = FALSE
	EndGlobalSection
	GlobalSection(ExtensibilityGlobals) = postSolution
		SolutionGuid = {5B64BE71-56DA-469C-B520-519BC922A2CE}
	EndGlobalSection
EndGlobal
